{
  "name": "node",
  "version": "1.0.0",
  "lockfileVersion": 3,
  "requires": true,
  "packages": {
    "": {
      "name": "node",
      "version": "1.0.0",
      "license": "ISC",
      "dependencies": {
        "gstreamer-superficial": "^1.2.0"
      }
    },
    "node_modules/gstreamer-superficial": {
      "version": "1.7.4",
      "resolved": "https://registry.npmjs.org/gstreamer-superficial/-/gstreamer-superficial-1.7.4.tgz",
      "integrity": "sha512-7A25Xs1Q2U1nUqVfupoJjzTZAic0XF9aPcQeltEIPE14NB6Ep3BmiOVm+LuGe2b91H1b0sQBw9OwdCsZQGHHZw==",
      "hasInstallScript": true,
      "license": "MIT",
      "dependencies": {
        "nan": "^2.15.0"
      },
      "engines": {
        "node": ">= 5.9.1"
      }
    },
    "node_modules/nan": {
      "version": "2.23.1",
      "resolved": "https://registry.npmjs.org/nan/-/nan-2.23.1.tgz",
      "integrity": "sha512-r7bBUGKzlqk8oPBDYxt6Z0aEdF1G1rwlMcLk8LCOMbOzf0mG+JUfUzG4fIMWwHWP0iyaLWEQZJmtB7nOHEm/qw==",
      "license": "MIT"
    }
  }
}
